<?xml version="1.0" encoding="utf-8"?>
<Project ToolsVersion="4.0" xmlns="http://schemas.microsoft.com/developer/msbuild/2003">
  <ItemGroup>
    <ClCompile Include="Array-1-RemoveDups.cpp" />
    <ClCompile Include="Array-2-BestTimeToBuySell.cpp" />
    <ClCompile Include="Array-3-RotateArray.cpp" />
    <ClCompile Include="Array-4-TwoSum.cpp" />
    <ClCompile Include="Array-5-Duplicate.cpp" />
    <ClCompile Include="Array-6-SingleNumber.cpp" />
    <ClCompile Include="Array-7-Intersection.cpp" />
    <ClCompile Include="LeetCode.cpp" />
    <ClCompile Include="pch.cpp" />
    <ClCompile Include="String-1-Reverse.cpp" />
    <ClCompile Include="String-2-ReverseInt.cpp" />
    <ClCompile Include="String-3-UniqueChar.cpp" />
    <ClCompile Include="String-4-StringToInt.cpp" />
    <ClCompile Include="String-5-StrStr.cpp" />
    <ClCompile Include="LinkedList-1-DeleteNode.cpp" />
    <ClCompile Include="LinkedList-2-RemoveNFromEnd.cpp" />
    <ClCompile Include="LinkedList-3-ReverseLinkedList.cpp" />
    <ClCompile Include="LinkedList-4-MergeLinkedList.cpp" />
    <ClCompile Include="Array-8-PlusOne.cpp" />
    <ClCompile Include="Tree-1-Depth.cpp" />
    <ClCompile Include="Tree-2-ValidBST.cpp" />
    <ClCompile Include="Dynamic-1-NumStairs.cpp" />
    <ClCompile Include="Math-Hailstone.cpp" />
  </ItemGroup>
  <ItemGroup>
    <ClInclude Include="pch.h" />
  </ItemGroup>
</Project>